
Microsoft Visual Studio Solution File, Format Version 12.00
# Visual Studio Version 17
VisualStudioVersion = 17.10.34928.147
MinimumVisualStudioVersion = 10.0.40219.1
Project("{FAE04EC0-301F-11D3-BF4B-00C04F79EFBC}") = "MotoMap.Api.DotNet", "MotoMap.Api.DotNet.csproj", "{49584A72-F42F-4839-B394-A0052A89AEAE}"
EndProject
Global
	GlobalSection(SolutionConfigurationPlatforms) = preSolution
		Debug|Any CPU = Debug|Any CPU
		Release|Any CPU = Release|Any CPU
	EndGlobalSection
	GlobalSection(ProjectConfigurationPlatforms) = postSolution
		{49584A72-F42F-4839-B394-A0052A89AEAE}.Debug|Any CPU.ActiveCfg = Debug|Any CPU
		{49584A72-F42F-4839-B394-A0052A89AEAE}.Debug|Any CPU.Build.0 = Debug|Any CPU
		{49584A72-F42F-4839-B394-A0052A89AEAE}.Release|Any CPU.ActiveCfg = Release|Any CPU
		{49584A72-F42F-4839-B394-A0052A89AEAE}.Release|Any CPU.Build.0 = Release|Any CPU
	EndGlobalSection
	GlobalSection(SolutionProperties) = preSolution
		HideSolutionNode = FALSE
	EndGlobalSection
	GlobalSection(ExtensibilityGlobals) = postSolution
		SolutionGuid = {CF13C5EC-3307-444F-B02B-20D387E605CF}
	EndGlobalSection
EndGlobal
